
Microsoft Visual Studio Solution File, Format Version 12.00
# Visual Studio 14
VisualStudioVersion = 14.0.25420.1
MinimumVisualStudioVersion = 10.0.40219.1
Project("{FAE04EC0-301F-11D3-BF4B-00C04F79EFBC}") = "Metodos", "Metodos\Metodos.csproj", "{63A73EF1-9A69-484B-A0DC-7A2B424312F5}"
EndProject
Project("{FAE04EC0-301F-11D3-BF4B-00C04F79EFBC}") = "CadenaTv", "CadenaTv\CadenaTv.csproj", "{DC22EC7D-0644-46F3-BB6C-A3E83A91CF6D}"
EndProject
Project("{FAE04EC0-301F-11D3-BF4B-00C04F79EFBC}") = "Examen", "Examen\Examen.csproj", "{4409D189-8CE8-4F51-B576-50715E5306F3}"
EndProject
Project("{FAE04EC0-301F-11D3-BF4B-00C04F79EFBC}") = "CadenaTv2", "CadenaTv2\CadenaTv2.csproj", "{5C19E966-25DD-403A-B346-2ACF19150B0A}"
EndProject
Project("{FAE04EC0-301F-11D3-BF4B-00C04F79EFBC}") = "Camaras - Herencia", "EquiposElectronicos\Camaras - Herencia.csproj", "{33D89292-6599-4FCA-9C07-F21F3D94F057}"
EndProject
Project("{FAE04EC0-301F-11D3-BF4B-00C04F79EFBC}") = "Ejercicios cadena", "Ejercicios cadena\Ejercicios cadena.csproj", "{BCCF8E2F-7B71-4622-8A01-0BD08236A4A9}"
EndProject
Global
	GlobalSection(SolutionConfigurationPlatforms) = preSolution
		Debug|Any CPU = Debug|Any CPU
		Release|Any CPU = Release|Any CPU
	EndGlobalSection
	GlobalSection(ProjectConfigurationPlatforms) = postSolution
		{63A73EF1-9A69-484B-A0DC-7A2B424312F5}.Debug|Any CPU.ActiveCfg = Debug|Any CPU
		{63A73EF1-9A69-484B-A0DC-7A2B424312F5}.Debug|Any CPU.Build.0 = Debug|Any CPU
		{63A73EF1-9A69-484B-A0DC-7A2B424312F5}.Release|Any CPU.ActiveCfg = Release|Any CPU
		{63A73EF1-9A69-484B-A0DC-7A2B424312F5}.Release|Any CPU.Build.0 = Release|Any CPU
		{DC22EC7D-0644-46F3-BB6C-A3E83A91CF6D}.Debug|Any CPU.ActiveCfg = Debug|Any CPU
		{DC22EC7D-0644-46F3-BB6C-A3E83A91CF6D}.Debug|Any CPU.Build.0 = Debug|Any CPU
		{DC22EC7D-0644-46F3-BB6C-A3E83A91CF6D}.Release|Any CPU.ActiveCfg = Release|Any CPU
		{DC22EC7D-0644-46F3-BB6C-A3E83A91CF6D}.Release|Any CPU.Build.0 = Release|Any CPU
		{4409D189-8CE8-4F51-B576-50715E5306F3}.Debug|Any CPU.ActiveCfg = Debug|Any CPU
		{4409D189-8CE8-4F51-B576-50715E5306F3}.Debug|Any CPU.Build.0 = Debug|Any CPU
		{4409D189-8CE8-4F51-B576-50715E5306F3}.Release|Any CPU.ActiveCfg = Release|Any CPU
		{4409D189-8CE8-4F51-B576-50715E5306F3}.Release|Any CPU.Build.0 = Release|Any CPU
		{5C19E966-25DD-403A-B346-2ACF19150B0A}.Debug|Any CPU.ActiveCfg = Debug|Any CPU
		{5C19E966-25DD-403A-B346-2ACF19150B0A}.Debug|Any CPU.Build.0 = Debug|Any CPU
		{5C19E966-25DD-403A-B346-2ACF19150B0A}.Release|Any CPU.ActiveCfg = Release|Any CPU
		{5C19E966-25DD-403A-B346-2ACF19150B0A}.Release|Any CPU.Build.0 = Release|Any CPU
		{33D89292-6599-4FCA-9C07-F21F3D94F057}.Debug|Any CPU.ActiveCfg = Debug|Any CPU
		{33D89292-6599-4FCA-9C07-F21F3D94F057}.Debug|Any CPU.Build.0 = Debug|Any CPU
		{33D89292-6599-4FCA-9C07-F21F3D94F057}.Release|Any CPU.ActiveCfg = Release|Any CPU
		{33D89292-6599-4FCA-9C07-F21F3D94F057}.Release|Any CPU.Build.0 = Release|Any CPU
		{BCCF8E2F-7B71-4622-8A01-0BD08236A4A9}.Debug|Any CPU.ActiveCfg = Debug|Any CPU
		{BCCF8E2F-7B71-4622-8A01-0BD08236A4A9}.Debug|Any CPU.Build.0 = Debug|Any CPU
		{BCCF8E2F-7B71-4622-8A01-0BD08236A4A9}.Release|Any CPU.ActiveCfg = Release|Any CPU
		{BCCF8E2F-7B71-4622-8A01-0BD08236A4A9}.Release|Any CPU.Build.0 = Release|Any CPU
	EndGlobalSection
	GlobalSection(SolutionProperties) = preSolution
		HideSolutionNode = FALSE
	EndGlobalSection
EndGlobal
