
Microsoft Visual Studio Solution File, Format Version 12.00
# Visual Studio 14
VisualStudioVersion = 14.0.25420.1
MinimumVisualStudioVersion = 10.0.40219.1
<<<<<<< HEAD
Project("{FAE04EC0-301F-11D3-BF4B-00C04F79EFBC}") = "Papeleria", "Papeleria\Papeleria.csproj", "{7CBD5B87-33DE-4361-95DA-48791DB6BCE0}"
=======
Project("{FAE04EC0-301F-11D3-BF4B-00C04F79EFBC}") = "Papeleria", "Papeleria\Papeleria.csproj", "{1D240D6E-50D4-47AE-B0F3-1B8EC6810189}"
>>>>>>> 908f8694de6d25e0c8d556a1975526a148870d81
EndProject
Global
	GlobalSection(SolutionConfigurationPlatforms) = preSolution
		Debug|Any CPU = Debug|Any CPU
		Release|Any CPU = Release|Any CPU
	EndGlobalSection
	GlobalSection(ProjectConfigurationPlatforms) = postSolution
<<<<<<< HEAD
		{7CBD5B87-33DE-4361-95DA-48791DB6BCE0}.Debug|Any CPU.ActiveCfg = Debug|Any CPU
		{7CBD5B87-33DE-4361-95DA-48791DB6BCE0}.Debug|Any CPU.Build.0 = Debug|Any CPU
		{7CBD5B87-33DE-4361-95DA-48791DB6BCE0}.Release|Any CPU.ActiveCfg = Release|Any CPU
		{7CBD5B87-33DE-4361-95DA-48791DB6BCE0}.Release|Any CPU.Build.0 = Release|Any CPU
=======
		{1D240D6E-50D4-47AE-B0F3-1B8EC6810189}.Debug|Any CPU.ActiveCfg = Debug|Any CPU
		{1D240D6E-50D4-47AE-B0F3-1B8EC6810189}.Debug|Any CPU.Build.0 = Debug|Any CPU
		{1D240D6E-50D4-47AE-B0F3-1B8EC6810189}.Release|Any CPU.ActiveCfg = Release|Any CPU
		{1D240D6E-50D4-47AE-B0F3-1B8EC6810189}.Release|Any CPU.Build.0 = Release|Any CPU
>>>>>>> 908f8694de6d25e0c8d556a1975526a148870d81
	EndGlobalSection
	GlobalSection(SolutionProperties) = preSolution
		HideSolutionNode = FALSE
	EndGlobalSection
EndGlobal
